
Microsoft Visual Studio Solution File, Format Version 12.00
# Visual Studio Version 17
VisualStudioVersion = 17.13.35931.197 d17.13
MinimumVisualStudioVersion = 10.0.40219.1
Project("{FAE04EC0-301F-11D3-BF4B-00C04F79EFBC}") = "RangoAgilApi", "RangoAgilApi.csproj", "{2D51D288-27A6-474C-AE60-5011FB899208}"
EndProject
Global
	GlobalSection(SolutionConfigurationPlatforms) = preSolution
		Debug|Any CPU = Debug|Any CPU
		Release|Any CPU = Release|Any CPU
	EndGlobalSection
	GlobalSection(ProjectConfigurationPlatforms) = postSolution
		{2D51D288-27A6-474C-AE60-5011FB899208}.Debug|Any CPU.ActiveCfg = Debug|Any CPU
		{2D51D288-27A6-474C-AE60-5011FB899208}.Debug|Any CPU.Build.0 = Debug|Any CPU
		{2D51D288-27A6-474C-AE60-5011FB899208}.Release|Any CPU.ActiveCfg = Release|Any CPU
		{2D51D288-27A6-474C-AE60-5011FB899208}.Release|Any CPU.Build.0 = Release|Any CPU
	EndGlobalSection
	GlobalSection(SolutionProperties) = preSolution
		HideSolutionNode = FALSE
	EndGlobalSection
	GlobalSection(ExtensibilityGlobals) = postSolution
		SolutionGuid = {2BBA0235-A438-4131-8A7F-8844EA059FE1}
	EndGlobalSection
EndGlobal
